{
  "version": 4,
  "terraform_version": "1.15.3",
  "serial": 491,
  "lineage": "812f3bca-b5a7-6d2d-65b7-4ba37dfb5abc",
  "outputs": {},
  "resources": [
    {
      "module": "module.aws_load_balancer_controller",
      "mode": "managed",
      "type": "aws_iam_policy",
      "name": "policy",
      "provider": "provider[\"registry.terraform.io/hashicorp/aws\"]",
      "instances": [
        {
          "schema_version": 0,
          "attributes": {
            "arn": "arn:aws:iam::083127296598:policy/nonprod-aws-load-balancer-controller-policy",
            "attachment_count": 1,
            "description": "IAM Policy for AWS Load Balancer Controller",
            "id": "arn:aws:iam::083127296598:policy/nonprod-aws-load-balancer-controller-policy",
            "name": "nonprod-aws-load-balancer-controller-policy",
            "name_prefix": "",
            "path": "/",
            "policy": "{\"Statement\":[{\"Action\":[\"iam:CreateServiceLinkedRole\"],\"Condition\":{\"StringEquals\":{\"iam:AWSServiceName\":\"elasticloadbalancing.amazonaws.com\"}},\"Effect\":\"Allow\",\"Resource\":\"*\"},{\"Action\":[\"ec2:DescribeAccountAttributes\",\"ec2:DescribeAddresses\",\"ec2:DescribeAvailabilityZones\",\"ec2:DescribeInternetGateways\",\"ec2:DescribeVpcs\",\"ec2:DescribeVpcPeeringConnections\",\"ec2:DescribeSubnets\",\"ec2:DescribeSecurityGroups\",\"ec2:DescribeInstances\",\"ec2:DescribeNetworkInterfaces\",\"ec2:DescribeTags\",\"ec2:GetCoipPoolUsage\",\"ec2:DescribeCoipPools\",\"elasticloadbalancing:DescribeLoadBalancers\",\"elasticloadbalancing:DescribeLoadBalancerAttributes\",\"elasticloadbalancing:DescribeListeners\",\"elasticloadbalancing:DescribeListenerCertificates\",\"elasticloadbalancing:DescribeSSLPolicies\",\"elasticloadbalancing:DescribeRules\",\"elasticloadbalancing:DescribeTargetGroups\",\"elasticloadbalancing:DescribeTargetGroupAttributes\",\"elasticloadbalancing:DescribeTargetHealth\",\"elasticloadbalancing:DescribeTags\",\"elasticloadbalancing:DescribeTrustStores\"],\"Effect\":\"Allow\",\"Resource\":\"*\"},{\"Action\":[\"cognito-idp:DescribeUserPoolClient\",\"acm:ListCertificates\",\"acm:DescribeCertificate\",\"iam:ListServerCertificates\",\"iam:GetServerCertificate\",\"waf-regional:GetWebACL\",\"waf-regional:GetWebACLForResource\",\"waf-regional:AssociateWebACL\",\"waf-regional:DisassociateWebACL\",\"wafv2:GetWebACL\",\"wafv2:GetWebACLForResource\",\"wafv2:AssociateWebACL\",\"wafv2:DisassociateWebACL\",\"shield:GetSubscriptionState\",\"shield:DescribeProtection\",\"shield:CreateProtection\",\"shield:DeleteProtection\"],\"Effect\":\"Allow\",\"Resource\":\"*\"},{\"Action\":[\"ec2:AuthorizeSecurityGroupIngress\",\"ec2:RevokeSecurityGroupIngress\"],\"Effect\":\"Allow\",\"Resource\":\"*\"},{\"Action\":[\"ec2:CreateSecurityGroup\"],\"Effect\":\"Allow\",\"Resource\":\"*\"},{\"Action\":[\"ec2:CreateTags\"],\"Condition\":{\"Null\":{\"aws:RequestTag/elbv2.k8s.aws/cluster\":\"false\"},\"StringEquals\":{\"ec2:CreateAction\":\"CreateSecurityGroup\"}},\"Effect\":\"Allow\",\"Resource\":\"arn:aws:ec2:*:*:security-group/*\"},{\"Action\":[\"ec2:CreateTags\",\"ec2:DeleteTags\"],\"Condition\":{\"Null\":{\"aws:RequestTag/elbv2.k8s.aws/cluster\":\"true\",\"aws:ResourceTag/elbv2.k8s.aws/cluster\":\"false\"}},\"Effect\":\"Allow\",\"Resource\":\"arn:aws:ec2:*:*:security-group/*\"},{\"Action\":[\"ec2:AuthorizeSecurityGroupIngress\",\"ec2:RevokeSecurityGroupIngress\",\"ec2:DeleteSecurityGroup\"],\"Condition\":{\"Null\":{\"aws:ResourceTag/elbv2.k8s.aws/cluster\":\"false\"}},\"Effect\":\"Allow\",\"Resource\":\"*\"},{\"Action\":[\"elasticloadbalancing:CreateLoadBalancer\",\"elasticloadbalancing:CreateTargetGroup\"],\"Condition\":{\"Null\":{\"aws:RequestTag/elbv2.k8s.aws/cluster\":\"false\"}},\"Effect\":\"Allow\",\"Resource\":\"*\"},{\"Action\":[\"elasticloadbalancing:CreateListener\",\"elasticloadbalancing:DeleteListener\",\"elasticloadbalancing:CreateRule\",\"elasticloadbalancing:DeleteRule\"],\"Effect\":\"Allow\",\"Resource\":\"*\"},{\"Action\":[\"elasticloadbalancing:AddTags\",\"elasticloadbalancing:RemoveTags\"],\"Condition\":{\"Null\":{\"aws:RequestTag/elbv2.k8s.aws/cluster\":\"true\",\"aws:ResourceTag/elbv2.k8s.aws/cluster\":\"false\"}},\"Effect\":\"Allow\",\"Resource\":[\"arn:aws:elasticloadbalancing:*:*:targetgroup/*/*\",\"arn:aws:elasticloadbalancing:*:*:loadbalancer/net/*/*\",\"arn:aws:elasticloadbalancing:*:*:loadbalancer/app/*/*\"]},{\"Action\":[\"elasticloadbalancing:AddTags\",\"elasticloadbalancing:RemoveTags\"],\"Effect\":\"Allow\",\"Resource\":[\"arn:aws:elasticloadbalancing:*:*:listener/net/*/*/*\",\"arn:aws:elasticloadbalancing:*:*:listener/app/*/*/*\",\"arn:aws:elasticloadbalancing:*:*:listener-rule/net/*/*/*\",\"arn:aws:elasticloadbalancing:*:*:listener-rule/app/*/*/*\"]},{\"Action\":[\"elasticloadbalancing:ModifyLoadBalancerAttributes\",\"elasticloadbalancing:SetIpAddressType\",\"elasticloadbalancing:SetSecurityGroups\",\"elasticloadbalancing:SetSubnets\",\"elasticloadbalancing:DeleteLoadBalancer\",\"elasticloadbalancing:ModifyTargetGroup\",\"elasticloadbalancing:ModifyTargetGroupAttributes\",\"elasticloadbalancing:DeleteTargetGroup\"],\"Condition\":{\"Null\":{\"aws:ResourceTag/elbv2.k8s.aws/cluster\":\"false\"}},\"Effect\":\"Allow\",\"Resource\":\"*\"},{\"Action\":[\"elasticloadbalancing:AddTags\"],\"Condition\":{\"Null\":{\"aws:RequestTag/elbv2.k8s.aws/cluster\":\"false\"},\"StringEquals\":{\"elasticloadbalancing:CreateAction\":[\"CreateTargetGroup\",\"CreateLoadBalancer\"]}},\"Effect\":\"Allow\",\"Resource\":[\"arn:aws:elasticloadbalancing:*:*:targetgroup/*/*\",\"arn:aws:elasticloadbalancing:*:*:loadbalancer/net/*/*\",\"arn:aws:elasticloadbalancing:*:*:loadbalancer/app/*/*\"]},{\"Action\":[\"elasticloadbalancing:RegisterTargets\",\"elasticloadbalancing:DeregisterTargets\"],\"Effect\":\"Allow\",\"Resource\":\"arn:aws:elasticloadbalancing:*:*:targetgroup/*/*\"},{\"Action\":[\"elasticloadbalancing:SetWebAcl\",\"elasticloadbalancing:ModifyListener\",\"elasticloadbalancing:AddListenerCertificates\",\"elasticloadbalancing:RemoveListenerCertificates\",\"elasticloadbalancing:ModifyRule\"],\"Effect\":\"Allow\",\"Resource\":\"*\"}],\"Version\":\"2012-10-17\"}",
            "policy_id": "ANPARGWWF4JLJLEVTFREH",
            "tags": {},
            "tags_all": {}
          },
          "sensitive_attributes": [],
          "identity_schema_version": 0,
          "private": "bnVsbA==",
          "dependencies": [
            "module.eks_cluster.aws_eks_addon.coredns",
            "module.eks_cluster.aws_eks_addon.ebs_csi",
            "module.eks_cluster.aws_eks_addon.kube_proxy",
            "module.eks_cluster.aws_eks_addon.vpc_cni",
            "module.eks_cluster.aws_eks_cluster.main",
            "module.eks_cluster.aws_eks_node_group.main",
            "module.eks_cluster.aws_iam_openid_connect_provider.oidc",
            "module.eks_cluster.aws_iam_role.cluster",
            "module.eks_cluster.aws_iam_role.ebs_csi",
            "module.eks_cluster.aws_iam_role.nodes",
            "module.eks_cluster.aws_iam_role_policy_attachment.cluster_policy",
            "module.eks_cluster.aws_iam_role_policy_attachment.cni",
            "module.eks_cluster.aws_iam_role_policy_attachment.ebs_csi",
            "module.eks_cluster.aws_iam_role_policy_attachment.registry",
            "module.eks_cluster.aws_iam_role_policy_attachment.worker_node",
            "module.eks_cluster.data.aws_iam_policy_document.ebs_csi_assume",
            "module.eks_cluster.data.tls_certificate.eks",
            "module.network.aws_subnet.private",
            "module.network.aws_vpc.main",
            "module.network.data.aws_availability_zones.available"
          ]
        }
      ]
    },
    {
      "module": "module.aws_load_balancer_controller",
      "mode": "managed",
      "type": "aws_iam_role",
      "name": "role",
      "provider": "provider[\"registry.terraform.io/hashicorp/aws\"]",
      "instances": [
        {
          "schema_version": 0,
          "attributes": {
            "arn": "arn:aws:iam::083127296598:role/nonprod-aws-load-balancer-controller-role",
            "assume_role_policy": "{\"Statement\":[{\"Action\":\"sts:AssumeRoleWithWebIdentity\",\"Condition\":{\"StringEquals\":{\"oidc.eks.eu-west-1.amazonaws.com/id/1F9DE80DAEF3A5AF59D0645FCDE7F465:aud\":\"sts.amazonaws.com\",\"oidc.eks.eu-west-1.amazonaws.com/id/1F9DE80DAEF3A5AF59D0645FCDE7F465:sub\":\"system:serviceaccount:kube-system:aws-load-balancer-controller\"}},\"Effect\":\"Allow\",\"Principal\":{\"Federated\":\"arn:aws:iam::083127296598:oidc-provider/oidc.eks.eu-west-1.amazonaws.com/id/1F9DE80DAEF3A5AF59D0645FCDE7F465\"}}],\"Version\":\"2012-10-17\"}",
            "create_date": "2026-05-23T08:48:12Z",
            "description": "",
            "force_detach_policies": false,
            "id": "nonprod-aws-load-balancer-controller-role",
            "inline_policy": [],
            "managed_policy_arns": [
              "arn:aws:iam::083127296598:policy/nonprod-aws-load-balancer-controller-policy"
            ],
            "max_session_duration": 3600,
            "name": "nonprod-aws-load-balancer-controller-role",
            "name_prefix": "",
            "path": "/",
            "permissions_boundary": "",
            "tags": {
              "Environment": "nonprod",
              "Name": "nonprod-aws-load-balancer-controller-role",
              "Project": "RHZORION"
            },
            "tags_all": {
              "Environment": "nonprod",
              "Name": "nonprod-aws-load-balancer-controller-role",
              "Project": "RHZORION"
            },
            "unique_id": "AROARGWWF4JLPN6UKCLAI"
          },
          "sensitive_attributes": [],
          "identity_schema_version": 0,
          "private": "bnVsbA==",
          "dependencies": [
            "module.aws_load_balancer_controller.data.aws_iam_policy_document.assume_role_policy",
            "module.eks_cluster.aws_eks_addon.coredns",
            "module.eks_cluster.aws_eks_addon.ebs_csi",
            "module.eks_cluster.aws_eks_addon.kube_proxy",
            "module.eks_cluster.aws_eks_addon.vpc_cni",
            "module.eks_cluster.aws_eks_cluster.main",
            "module.eks_cluster.aws_eks_node_group.main",
            "module.eks_cluster.aws_iam_openid_connect_provider.oidc",
            "module.eks_cluster.aws_iam_role.cluster",
            "module.eks_cluster.aws_iam_role.ebs_csi",
            "module.eks_cluster.aws_iam_role.nodes",
            "module.eks_cluster.aws_iam_role_policy_attachment.cluster_policy",
            "module.eks_cluster.aws_iam_role_policy_attachment.cni",
            "module.eks_cluster.aws_iam_role_policy_attachment.ebs_csi",
            "module.eks_cluster.aws_iam_role_policy_attachment.registry",
            "module.eks_cluster.aws_iam_role_policy_attachment.worker_node",
            "module.eks_cluster.data.aws_iam_policy_document.ebs_csi_assume",
            "module.eks_cluster.data.tls_certificate.eks",
            "module.network.aws_subnet.private",
            "module.network.aws_vpc.main",
            "module.network.data.aws_availability_zones.available"
          ]
        }
      ]
    },
    {
      "module": "module.aws_load_balancer_controller",
      "mode": "managed",
      "type": "aws_iam_role_policy_attachment",
      "name": "attachment",
      "provider": "provider[\"registry.terraform.io/hashicorp/aws\"]",
      "instances": [
        {
          "schema_version": 0,
          "attributes": {
            "id": "nonprod-aws-load-balancer-controller-role-20260523084813219500000019",
            "policy_arn": "arn:aws:iam::083127296598:policy/nonprod-aws-load-balancer-controller-policy",
            "role": "nonprod-aws-load-balancer-controller-role"
          },
          "sensitive_attributes": [],
          "identity_schema_version": 0,
          "private": "bnVsbA==",
          "dependencies": [
            "module.aws_load_balancer_controller.aws_iam_policy.policy",
            "module.aws_load_balancer_controller.aws_iam_role.role",
            "module.aws_load_balancer_controller.data.aws_iam_policy_document.assume_role_policy",
            "module.eks_cluster.aws_eks_addon.coredns",
            "module.eks_cluster.aws_eks_addon.ebs_csi",
            "module.eks_cluster.aws_eks_addon.kube_proxy",
            "module.eks_cluster.aws_eks_addon.vpc_cni",
            "module.eks_cluster.aws_eks_cluster.main",
            "module.eks_cluster.aws_eks_node_group.main",
            "module.eks_cluster.aws_iam_openid_connect_provider.oidc",
            "module.eks_cluster.aws_iam_role.cluster",
            "module.eks_cluster.aws_iam_role.ebs_csi",
            "module.eks_cluster.aws_iam_role.nodes",
            "module.eks_cluster.aws_iam_role_policy_attachment.cluster_policy",
            "module.eks_cluster.aws_iam_role_policy_attachment.cni",
            "module.eks_cluster.aws_iam_role_policy_attachment.ebs_csi",
            "module.eks_cluster.aws_iam_role_policy_attachment.registry",
            "module.eks_cluster.aws_iam_role_policy_attachment.worker_node",
            "module.eks_cluster.data.aws_iam_policy_document.ebs_csi_assume",
            "module.eks_cluster.data.tls_certificate.eks",
            "module.network.aws_subnet.private",
            "module.network.aws_vpc.main",
            "module.network.data.aws_availability_zones.available"
          ]
        }
      ]
    },
    {
      "module": "module.aws_load_balancer_controller",
      "mode": "managed",
      "type": "helm_release",
      "name": "aws_load_balancer_controller",
      "provider": "provider[\"registry.terraform.io/hashicorp/helm\"]",
      "instances": [
        {
          "schema_version": 1,
          "attributes": {
            "atomic": false,
            "chart": "aws-load-balancer-controller",
            "cleanup_on_fail": false,
            "create_namespace": false,
            "dependency_update": false,
            "description": null,
            "devel": null,
            "disable_crd_hooks": false,
            "disable_openapi_validation": false,
            "disable_webhooks": false,
            "force_update": false,
            "id": "aws-load-balancer-controller",
            "keyring": null,
            "lint": false,
            "manifest": null,
            "max_history": 0,
            "metadata": [
              {
                "app_version": "v2.7.2",
                "chart": "aws-load-balancer-controller",
                "first_deployed": 1779526095,
                "last_deployed": 1779526095,
                "name": "aws-load-balancer-controller",
                "namespace": "kube-system",
                "notes": "AWS Load Balancer controller installed!\n",
                "revision": 1,
                "values": "{\"clusterName\":\"nonprod-eks-cluster\",\"region\":\"eu-west-1\",\"serviceAccount\":{\"create\":false,\"name\":\"aws-load-balancer-controller\"},\"vpcId\":\"vpc-0985d9d6a5d41a4e0\"}",
                "version": "1.7.2"
              }
            ],
            "name": "aws-load-balancer-controller",
            "namespace": "kube-system",
            "pass_credentials": false,
            "postrender": [],
            "recreate_pods": false,
            "render_subchart_notes": true,
            "replace": false,
            "repository": "https://aws.github.io/eks-charts",
            "repository_ca_file": null,
            "repository_cert_file": null,
            "repository_key_file": null,
            "repository_password": null,
            "repository_username": null,
            "reset_values": false,
            "reuse_values": false,
            "set": [
              {
                "name": "clusterName",
                "type": "",
                "value": "nonprod-eks-cluster"
              },
              {
                "name": "region",
                "type": "",
                "value": "eu-west-1"
              },
              {
                "name": "serviceAccount.create",
                "type": "",
                "value": "false"
              },
              {
                "name": "serviceAccount.name",
                "type": "",
                "value": "aws-load-balancer-controller"
              },
              {
                "name": "vpcId",
                "type": "",
                "value": "vpc-0985d9d6a5d41a4e0"
              }
            ],
            "set_list": [],
            "set_sensitive": [],
            "skip_crds": false,
            "status": "deployed",
            "timeout": 300,
            "upgrade_install": null,
            "values": null,
            "verify": false,
            "version": "1.7.2",
            "wait": true,
            "wait_for_jobs": false
          },
          "sensitive_attributes": [
            [
              {
                "type": "get_attr",
                "value": "repository_password"
              }
            ]
          ],
          "identity_schema_version": 0,
          "private": "eyJzY2hlbWFfdmVyc2lvbiI6IjEifQ==",
          "dependencies": [
            "module.aws_load_balancer_controller.aws_iam_role.role",
            "module.aws_load_balancer_controller.data.aws_iam_policy_document.assume_role_policy",
            "module.aws_load_balancer_controller.kubernetes_service_account_v1.service_account",
            "module.eks_cluster.aws_eks_addon.coredns",
            "module.eks_cluster.aws_eks_addon.ebs_csi",
            "module.eks_cluster.aws_eks_addon.kube_proxy",
            "module.eks_cluster.aws_eks_addon.vpc_cni",
            "module.eks_cluster.aws_eks_cluster.main",
            "module.eks_cluster.aws_eks_node_group.main",
            "module.eks_cluster.aws_iam_openid_connect_provider.oidc",
            "module.eks_cluster.aws_iam_role.cluster",
            "module.eks_cluster.aws_iam_role.ebs_csi",
            "module.eks_cluster.aws_iam_role.nodes",
            "module.eks_cluster.aws_iam_role_policy_attachment.cluster_policy",
            "module.eks_cluster.aws_iam_role_policy_attachment.cni",
            "module.eks_cluster.aws_iam_role_policy_attachment.ebs_csi",
            "module.eks_cluster.aws_iam_role_policy_attachment.registry",
            "module.eks_cluster.aws_iam_role_policy_attachment.worker_node",
            "module.eks_cluster.data.aws_iam_policy_document.ebs_csi_assume",
            "module.eks_cluster.data.tls_certificate.eks",
            "module.network.aws_subnet.private",
            "module.network.aws_vpc.main",
            "module.network.data.aws_availability_zones.available"
          ]
        }
      ]
    },
    {
      "module": "module.aws_load_balancer_controller",
      "mode": "managed",
      "type": "kubernetes_service_account_v1",
      "name": "service_account",
      "provider": "provider[\"registry.terraform.io/hashicorp/kubernetes\"]",
      "instances": [
        {
          "schema_version": 0,
          "attributes": {
            "automount_service_account_token": true,
            "default_secret_name": "",
            "id": "kube-system/aws-load-balancer-controller",
            "image_pull_secret": [],
            "metadata": [
              {
                "annotations": {
                  "eks.amazonaws.com/role-arn": "arn:aws:iam::083127296598:role/nonprod-aws-load-balancer-controller-role"
                },
                "generate_name": "",
                "generation": 0,
                "labels": {},
                "name": "aws-load-balancer-controller",
                "namespace": "kube-system",
                "resource_version": "1666",
                "uid": "123b0ed2-819e-4960-8a0b-c00d23fc7552"
              }
            ],
            "secret": [],
            "timeouts": null
          },
          "sensitive_attributes": [],
          "identity_schema_version": 1,
          "identity": {
            "api_version": "v1",
            "kind": "ServiceAccount",
            "name": "aws-load-balancer-controller",
            "namespace": "kube-system"
          },
          "private": "eyJlMmJmYjczMC1lY2FhLTExZTYtOGY4OC0zNDM2M2JjN2M0YzAiOnsiY3JlYXRlIjozMDAwMDAwMDAwMH19",
          "dependencies": [
            "module.aws_load_balancer_controller.aws_iam_role.role",
            "module.aws_load_balancer_controller.data.aws_iam_policy_document.assume_role_policy",
            "module.eks_cluster.aws_eks_addon.coredns",
            "module.eks_cluster.aws_eks_addon.ebs_csi",
            "module.eks_cluster.aws_eks_addon.kube_proxy",
            "module.eks_cluster.aws_eks_addon.vpc_cni",
            "module.eks_cluster.aws_eks_cluster.main",
            "module.eks_cluster.aws_eks_node_group.main",
            "module.eks_cluster.aws_iam_openid_connect_provider.oidc",
            "module.eks_cluster.aws_iam_role.cluster",
            "module.eks_cluster.aws_iam_role.ebs_csi",
            "module.eks_cluster.aws_iam_role.nodes",
            "module.eks_cluster.aws_iam_role_policy_attachment.cluster_policy",
            "module.eks_cluster.aws_iam_role_policy_attachment.cni",
            "module.eks_cluster.aws_iam_role_policy_attachment.ebs_csi",
            "module.eks_cluster.aws_iam_role_policy_attachment.registry",
            "module.eks_cluster.aws_iam_role_policy_attachment.worker_node",
            "module.eks_cluster.data.aws_iam_policy_document.ebs_csi_assume",
            "module.eks_cluster.data.tls_certificate.eks",
            "module.network.aws_subnet.private",
            "module.network.aws_vpc.main",
            "module.network.data.aws_availability_zones.available"
          ]
        }
      ]
    },
    {
      "module": "module.dns_ingress",
      "mode": "managed",
      "type": "aws_route53_zone",
      "name": "public",
      "provider": "provider[\"registry.terraform.io/hashicorp/aws\"]",
      "instances": [
        {
          "index_key": 0,
          "schema_version": 0,
          "attributes": {
            "arn": "arn:aws:route53:::hostedzone/Z058112218OLZJRPF4100",
            "comment": "Managed by Terraform",
            "delegation_set_id": "",
            "force_destroy": false,
            "id": "Z058112218OLZJRPF4100",
            "name": "nonprod.rhorizon.xyz",
            "name_servers": [
              "ns-1320.awsdns-37.org",
              "ns-1575.awsdns-04.co.uk",
              "ns-218.awsdns-27.com",
              "ns-592.awsdns-10.net"
            ],
            "primary_name_server": "ns-1320.awsdns-37.org",
            "tags": {
              "Environment": "nonprod",
              "Name": "nonprod-public-zone",
              "Project": "RHZORION"
            },
            "tags_all": {
              "Environment": "nonprod",
              "Name": "nonprod-public-zone",
              "Project": "RHZORION"
            },
            "timeouts": null,
            "vpc": [],
            "zone_id": "Z058112218OLZJRPF4100"
          },
          "sensitive_attributes": [],
          "identity_schema_version": 0,
          "private": "eyJlMmJmYjczMC1lY2FhLTExZTYtOGY4OC0zNDM2M2JjN2M0YzAiOnsiY3JlYXRlIjoxODAwMDAwMDAwMDAwLCJkZWxldGUiOjE4MDAwMDAwMDAwMDAsInVwZGF0ZSI6MTgwMDAwMDAwMDAwMH19"
        }
      ]
    },
    {
      "module": "module.dns_ingress",
      "mode": "managed",
      "type": "aws_wafv2_web_acl",
      "name": "waf",
      "provider": "provider[\"registry.terraform.io/hashicorp/aws\"]",
      "instances": [
        {
          "schema_version": 0,
          "attributes": {
            "application_integration_url": "",
            "arn": "arn:aws:wafv2:eu-west-1:083127296598:regional/webacl/nonprod-ingress-waf/7a5e0fe6-332f-4dd0-8e9b-f4582e7013ee",
            "association_config": [],
            "capacity": 2,
            "captcha_config": [],
            "challenge_config": [],
            "custom_response_body": [],
            "data_protection_config": [],
            "default_action": [
              {
                "allow": [
                  {
                    "custom_request_handling": []
                  }
                ],
                "block": []
              }
            ],
            "description": "Regional WAF for EKS Ingress protection",
            "id": "7a5e0fe6-332f-4dd0-8e9b-f4582e7013ee",
            "lock_token": "27873f6d-f1df-44d5-a253-8232e0c0905d",
            "name": "nonprod-ingress-waf",
            "name_prefix": "",
            "rule": [
              {
                "action": [
                  {
                    "allow": [],
                    "block": [
                      {
                        "custom_response": []
                      }
                    ],
                    "captcha": [],
                    "challenge": [],
                    "count": []
                  }
                ],
                "captcha_config": [],
                "challenge_config": [],
                "name": "RateLimit",
                "override_action": [],
                "priority": 10,
                "rule_label": [],
                "statement": [
                  {
                    "and_statement": [],
                    "asn_match_statement": [],
                    "byte_match_statement": [],
                    "geo_match_statement": [],
                    "ip_set_reference_statement": [],
                    "label_match_statement": [],
                    "managed_rule_group_statement": [],
                    "not_statement": [],
                    "or_statement": [],
                    "rate_based_statement": [
                      {
                        "aggregate_key_type": "IP",
                        "custom_key": [],
                        "evaluation_window_sec": 300,
                        "forwarded_ip_config": [],
                        "limit": 2000,
                        "scope_down_statement": []
                      }
                    ],
                    "regex_match_statement": [],
                    "regex_pattern_set_reference_statement": [],
                    "rule_group_reference_statement": [],
                    "size_constraint_statement": [],
                    "sqli_match_statement": [],
                    "xss_match_statement": []
                  }
                ],
                "visibility_config": [
                  {
                    "cloudwatch_metrics_enabled": true,
                    "metric_name": "nonprod-waf-rate-limit",
                    "sampled_requests_enabled": true
                  }
                ]
              }
            ],
            "rule_json": null,
            "scope": "REGIONAL",
            "tags": {
              "Environment": "nonprod",
              "Project": "RHZORION"
            },
            "tags_all": {
              "Environment": "nonprod",
              "Project": "RHZORION"
            },
            "token_domains": [],
            "visibility_config": [
              {
                "cloudwatch_metrics_enabled": true,
                "metric_name": "nonprod-ingress-waf-global",
                "sampled_requests_enabled": true
              }
            ]
          },
          "sensitive_attributes": [],
          "identity_schema_version": 0,
          "private": "bnVsbA=="
        }
      ]
    },
    {
      "module": "module.eks_cluster",
      "mode": "data",
      "type": "aws_iam_policy_document",
      "name": "ebs_csi_assume",
      "provider": "provider[\"registry.terraform.io/hashicorp/aws\"]",
      "instances": [
        {
          "schema_version": 0,
          "attributes": {
            "id": "2066740005",
            "json": "{\n  \"Version\": \"2012-10-17\",\n  \"Statement\": [\n    {\n      \"Effect\": \"Allow\",\n      \"Action\": \"sts:AssumeRoleWithWebIdentity\",\n      \"Principal\": {\n        \"Federated\": \"arn:aws:iam::083127296598:oidc-provider/oidc.eks.eu-west-1.amazonaws.com/id/1F9DE80DAEF3A5AF59D0645FCDE7F465\"\n      },\n      \"Condition\": {\n        \"StringEquals\": {\n          \"oidc.eks.eu-west-1.amazonaws.com/id/1F9DE80DAEF3A5AF59D0645FCDE7F465:sub\": \"system:serviceaccount:kube-system:ebs-csi-controller-sa\"\n        }\n      }\n    }\n  ]\n}",
            "minified_json": "{\"Version\":\"2012-10-17\",\"Statement\":[{\"Effect\":\"Allow\",\"Action\":\"sts:AssumeRoleWithWebIdentity\",\"Principal\":{\"Federated\":\"arn:aws:iam::083127296598:oidc-provider/oidc.eks.eu-west-1.amazonaws.com/id/1F9DE80DAEF3A5AF59D0645FCDE7F465\"},\"Condition\":{\"StringEquals\":{\"oidc.eks.eu-west-1.amazonaws.com/id/1F9DE80DAEF3A5AF59D0645FCDE7F465:sub\":\"system:serviceaccount:kube-system:ebs-csi-controller-sa\"}}}]}",
            "override_json": null,
            "override_policy_documents": null,
            "policy_id": null,
            "source_json": null,
            "source_policy_documents": null,
            "statement": [
              {
                "actions": [
                  "sts:AssumeRoleWithWebIdentity"
                ],
                "condition": [
                  {
                    "test": "StringEquals",
                    "values": [
                      "system:serviceaccount:kube-system:ebs-csi-controller-sa"
                    ],
                    "variable": "oidc.eks.eu-west-1.amazonaws.com/id/1F9DE80DAEF3A5AF59D0645FCDE7F465:sub"
                  }
                ],
                "effect": "Allow",
                "not_actions": [],
                "not_principals": [],
                "not_resources": [],
                "principals": [
                  {
                    "identifiers": [
                      "arn:aws:iam::083127296598:oidc-provider/oidc.eks.eu-west-1.amazonaws.com/id/1F9DE80DAEF3A5AF59D0645FCDE7F465"
                    ],
                    "type": "Federated"
                  }
                ],
                "resources": [],
                "sid": ""
              }
            ],
            "version": "2012-10-17"
          },
          "sensitive_attributes": [],
          "identity_schema_version": 0
        }
      ]
    },
    {
      "module": "module.eks_cluster",
      "mode": "data",
      "type": "tls_certificate",
      "name": "eks",
      "provider": "provider[\"registry.terraform.io/hashicorp/tls\"]",
      "instances": [
        {
          "schema_version": 0,
          "attributes": {
            "certificates": [
              {
                "cert_pem": "-----BEGIN CERTIFICATE-----\nMIIEkjCCA3qgAwIBAgITBn+USionzfP6wq4rAfkI7rnExjANBgkqhkiG9w0BAQsF\nADCBmDELMAkGA1UEBhMCVVMxEDAOBgNVBAgTB0FyaXpvbmExEzARBgNVBAcTClNj\nb3R0c2RhbGUxJTAjBgNVBAoTHFN0YXJmaWVsZCBUZWNobm9sb2dpZXMsIEluYy4x\nOzA5BgNVBAMTMlN0YXJmaWVsZCBTZXJ2aWNlcyBSb290IENlcnRpZmljYXRlIEF1\ndGhvcml0eSAtIEcyMB4XDTE1MDUyNTEyMDAwMFoXDTM3MTIzMTAxMDAwMFowOTEL\nMAkGA1UEBhMCVVMxDzANBgNVBAoTBkFtYXpvbjEZMBcGA1UEAxMQQW1hem9uIFJv\nb3QgQ0EgMTCCASIwDQYJKoZIhvcNAQEBBQADggEPADCCAQoCggEBALJ4gHHKeNXj\nca9HgFB0fW7Y14h29Jlo91ghYPl0hAEvrAIthtOgQ3pOsqTQNroBvo3bSMgHFzZM\n9O6II8c+6zf1tRn4SWiw3te5djgdYZ6k/oI2peVKVuRF4fn9tBb6dNqcmzU5L/qw\nIFAGbHrQgLKm+a/sRxmPUDgH3KKHOVj4utWp+UhnMJbulHheb4mjUcAwhmahRWa6\nVOujw5H5SNz/0egwLX0tdHA114gk957EWW67c4cX8jJGKLhD+rcdqsq08p8kDi1L\n93FcXmn/6pUCyziKrlA4b9v7LWIbxcceVOF34GfID5yHI9Y/QCB/IIDEgEw+OyQm\njgSubJrIqg0CAwEAAaOCATEwggEtMA8GA1UdEwEB/wQFMAMBAf8wDgYDVR0PAQH/\nBAQDAgGGMB0GA1UdDgQWBBSEGMyFNOy8DJSULghZnMeyEE4KCDAfBgNVHSMEGDAW\ngBScXwDfqgHXMCs4iKK4bUqc8hGRgzB4BggrBgEFBQcBAQRsMGowLgYIKwYBBQUH\nMAGGImh0dHA6Ly9vY3NwLnJvb3RnMi5hbWF6b250cnVzdC5jb20wOAYIKwYBBQUH\nMAKGLGh0dHA6Ly9jcnQucm9vdGcyLmFtYXpvbnRydXN0LmNvbS9yb290ZzIuY2Vy\nMD0GA1UdHwQ2MDQwMqAwoC6GLGh0dHA6Ly9jcmwucm9vdGcyLmFtYXpvbnRydXN0\nLmNvbS9yb290ZzIuY3JsMBEGA1UdIAQKMAgwBgYEVR0gADANBgkqhkiG9w0BAQsF\nAAOCAQEAYjdCXLwQtT6LLOkMm2xF4gcAevnFWAu5CIw+7bMlPLVvUOTNNWqnkzSW\nMiGpSESrnO09tKpzbeR/FoCJbM8oAxiDR3mjEH4wW6w7sGDgd9QIpuEdfF7Au/ma\neyKdpwAJfqxGF4PcnCZXmTA5YpaP7dreqsXMGz7KQ2hsVxa81Q4gLv7/wmpdLqBK\nbRRYh5TmOTFffHPLkIhqhBGWJ6bt2YFGpn6jcgAKUj6DiAdjd4lpFw85hdKrCEVN\n0FE6/V1dN2RMfjCyVSRCnTawXZwXgWHxyvkQAiSr6w10kY17RSlQOYiypok1JR4U\nakcjMS9cmvqtmg5iUaQqqcT5NJ0hGA==\n-----END CERTIFICATE-----\n",
                "is_ca": true,
                "issuer": "CN=Starfield Services Root Certificate Authority - G2,O=Starfield Technologies\\, Inc.,L=Scottsdale,ST=Arizona,C=US",
                "max_path_length": -1,
                "not_after": "2037-12-31T01:00:00Z",
                "not_before": "2015-05-25T12:00:00Z",
                "public_key_algorithm": "RSA",
                "serial_number": "144918191876577076464031512351042010504348870",
                "sha1_fingerprint": "06b25927c42a721631c1efd9431e648fa62e1e39",
                "signature_algorithm": "SHA256-RSA",
                "subject": "CN=Amazon Root CA 1,O=Amazon,C=US",
                "version": 3
              },
              {
                "cert_pem": "-----BEGIN CERTIFICATE-----\nMIIEXjCCA0agAwIBAgITB3MSOAudZoijOx7Zv5zNpo4ODzANBgkqhkiG9w0BAQsF\nADA5MQswCQYDVQQGEwJVUzEPMA0GA1UEChMGQW1hem9uMRkwFwYDVQQDExBBbWF6\nb24gUm9vdCBDQSAxMB4XDTIyMDgyMzIyMjEyOFoXDTMwMDgyMzIyMjEyOFowPDEL\nMAkGA1UEBhMCVVMxDzANBgNVBAoTBkFtYXpvbjEcMBoGA1UEAxMTQW1hem9uIFJT\nQSAyMDQ4IE0wMTCCASIwDQYJKoZIhvcNAQEBBQADggEPADCCAQoCggEBAOtxLKnL\nH4gokjIwr4pXD3i3NyWVVYesZ1yX0yLI2qIUZ2t88Gfa4gMqs1YSXca1R/lnCKeT\nepWSGA+0+fkQNpp/L4C2T7oTTsddUx7g3ZYzByDTlrwS5HRQQqEFE3O1T5tEJP4t\nf+28IoXsNiEzl3UGzicYgtzj2cWCB41eJgEmJmcf2T8TzzK6a614ZPyq/w4CPAff\nnAV4coz96nW3AyiE2uhuB4zQUIXvgVSycW7sbWLvj5TDXunEpNCRwC4kkZjK7rol\njtT2cbb7W2s4Bkg3R42G3PLqBvt2N32e/0JOTViCk8/iccJ4sXqrS1uUN4iB5Nmv\nJK74csVl+0u0UecCAwEAAaOCAVowggFWMBIGA1UdEwEB/wQIMAYBAf8CAQAwDgYD\nVR0PAQH/BAQDAgGGMB0GA1UdJQQWMBQGCCsGAQUFBwMBBggrBgEFBQcDAjAdBgNV\nHQ4EFgQUgbgOY4qJEhjl+js7UJWf5uWQE4UwHwYDVR0jBBgwFoAUhBjMhTTsvAyU\nlC4IWZzHshBOCggwewYIKwYBBQUHAQEEbzBtMC8GCCsGAQUFBzABhiNodHRwOi8v\nb2NzcC5yb290Y2ExLmFtYXpvbnRydXN0LmNvbTA6BggrBgEFBQcwAoYuaHR0cDov\nL2NydC5yb290Y2ExLmFtYXpvbnRydXN0LmNvbS9yb290Y2ExLmNlcjA/BgNVHR8E\nODA2MDSgMqAwhi5odHRwOi8vY3JsLnJvb3RjYTEuYW1hem9udHJ1c3QuY29tL3Jv\nb3RjYTEuY3JsMBMGA1UdIAQMMAowCAYGZ4EMAQIBMA0GCSqGSIb3DQEBCwUAA4IB\nAQCtAN4CBSMuBjJitGuxlBbkEUDeK/pZwTXv4KqPK0G50fOHOQAd8j21p0cMBgbG\nkfMHVwLU7b0XwZCav0h1ogdPMN1KakK1DT0VwA/+hFvGPJnMV1Kx2G4S1ZaSk0uU\n5QfoiYIIano01J5k4T2HapKQmmOhS/iPtuo00wW+IMLeBuKMn3OLn005hcrOGTad\nhcmeyfhQP7Z+iKHvyoQGi1C0ClymHETx/chhQGDyYSWqB/THwnN15AwLQo0E5V9E\nSJlbe4mBlqeInUsNYugExNf+tOiybcrswBy8OFsd34XOW3rjSUtsuafd9AWySa3h\nxRRrwszrzX/WWGm6wyB+f7C4\n-----END CERTIFICATE-----\n",
                "is_ca": true,
                "issuer": "CN=Amazon Root CA 1,O=Amazon,C=US",
                "max_path_length": 0,
                "not_after": "2030-08-23T22:21:28Z",
                "not_before": "2022-08-23T22:21:28Z",
                "public_key_algorithm": "RSA",
                "serial_number": "166129328851546858514271303855646110030630415",
                "sha1_fingerprint": "2ad974a775f73cbdbbd8f5ac3a49255fa8fb1f8c",
                "signature_algorithm": "SHA256-RSA",
                "subject": "CN=Amazon RSA 2048 M01,O=Amazon,C=US",
                "version": 3
              },
              {
                "cert_pem": "-----BEGIN CERTIFICATE-----\nMIIF3TCCBMWgAwIBAgIQA1jCPSDm8X/VUa7jjbhCPTANBgkqhkiG9w0BAQsFADA8\nMQswCQYDVQQGEwJVUzEPMA0GA1UEChMGQW1hem9uMRwwGgYDVQQDExNBbWF6b24g\nUlNBIDIwNDggTTAxMB4XDTI2MDEyODAwMDAwMFoXDTI3MDIyNjIzNTk1OVowKDEm\nMCQGA1UEAwwdKi5la3MuZXUtd2VzdC0xLmFtYXpvbmF3cy5jb20wggEiMA0GCSqG\nSIb3DQEBAQUAA4IBDwAwggEKAoIBAQC7C7raBBSoWs27ecLuw2fOy5rGH2DxHlE/\ntguRCzrbL6KwIqfXYXy8fTDuh7SFoSqyHesAw7LMkVkr5dbiJQRDQam1XWdODoFT\n4D5FDQrZ0T20wXDp0n/JkceHMRT6OYRZ0JOw+2FXlqeNmYqzdS2r4iWiRe+Bt+8p\nP+MTImvSMh3Kcr8pMTaeDZPOyRHvkPtx7F6mhQ92ODw4HHGi5gtxhn4544iMjjWU\nPIluJEA/9tDRIwGqozc40yMdGHdHJrRwG7bb0fM3ELmNA4ITP0rF1xi6YU/X6paY\nE0XXx5PKwI6IOW483t/inqOe2gQeMB1NyrYsYktBGhI6m6m0KEI5AgMBAAGjggLt\nMIIC6TAfBgNVHSMEGDAWgBSBuA5jiokSGOX6OztQlZ/m5ZAThTAdBgNVHQ4EFgQU\neR70bkgIqRENugAhEckY/ob8v1wwKAYDVR0RBCEwH4IdKi5la3MuZXUtd2VzdC0x\nLmFtYXpvbmF3cy5jb20wEwYDVR0gBAwwCjAIBgZngQwBAgEwDgYDVR0PAQH/BAQD\nAgWgMBMGA1UdJQQMMAoGCCsGAQUFBwMBMDsGA1UdHwQ0MDIwMKAuoCyGKmh0dHA6\nLy9jcmwucjJtMDEuYW1hem9udHJ1c3QuY29tL3IybTAxLmNybDB1BggrBgEFBQcB\nAQRpMGcwLQYIKwYBBQUHMAGGIWh0dHA6Ly9vY3NwLnIybTAxLmFtYXpvbnRydXN0\nLmNvbTA2BggrBgEFBQcwAoYqaHR0cDovL2NydC5yMm0wMS5hbWF6b250cnVzdC5j\nb20vcjJtMDEuY2VyMAwGA1UdEwEB/wQCMAAwggF/BgorBgEEAdZ5AgQCBIIBbwSC\nAWsBaQB3AExj3JjlnB2riPYeij3ero+rRKM3e1+blMP7oZz8wb4mAAABnAIEw10A\nAAQDAEgwRgIhAL8Xy7eLv+88XfYMuoiydiWQNNPfr1AQ4/OXTzw4F1gUAiEAtLWE\n4rtQ4/zTVI5oPCSlxtX4vDBkQ2gy6+jc+0bzXDkAdQAcn2gs6frwRWlQ+BuWiofd\n2zIQ2EzmyLLjglJKxM9ZnwAAAZwCBMNZAAAEAwBGMEQCIHUJDGKsaxnLHrcHEkgN\nJlikmlm0j5ChoXs9UdcesBYpAiAChKCAaNev0QsCqr+EGDOFks8VsyTAC0VF8/2K\nHvif5QB3AGBMmq96f3dfAdQG/JINyJnrCxx9+MlSG/r6F3c7l4vJAAABnAIExG0A\nAAQDAEgwRgIhAN5C7ItzDkXwnXtCq06tkslXIppjSeN7GOlTDlliMtlSAiEA4HGa\nH6Yq8zOHJUAbH9xCoJS8dBo89ZFz+ycQFtLKzs0wDQYJKoZIhvcNAQELBQADggEB\nABQ1TKQyszMd6LC/y60v0dBu5KAaCSY/RhMrtAFFFLcuN3R74OZ63CoF+Rlhs01Z\n4bwvcSTzjPk/MC3SvoKUgpbMQr/sF1UMZik9cTMz1UEtgVAg5ntyvbXBdb3WpSk3\ncQYQWy0Rhj96I52Qi2DdlWutlEs/e7D2xMOoInii9pek1eEDwaUeaxed95BNME4l\nW/begop8DjCxXdJWoo8wAt6+C1JwifOtgKnonLynXptrhcvdxPY6tva117vgjWFG\njUHkMCGSlPKGi1JDR9EtHB6VjksMW/OvMkd93nyHohPQsnBqBM7WnFs/3fsceMTZ\nY8pUH01hh9BJcF+60ZeR+1k=\n-----END CERTIFICATE-----\n",
                "is_ca": false,
                "issuer": "CN=Amazon RSA 2048 M01,O=Amazon,C=US",
                "max_path_length": -1,
                "not_after": "2027-02-26T23:59:59Z",
                "not_before": "2026-01-28T00:00:00Z",
                "public_key_algorithm": "RSA",
                "serial_number": "4448545741469547945433478981278515773",
                "sha1_fingerprint": "8de95dee5dfc5266e4ffe1626e2105e1acc61c78",
                "signature_algorithm": "SHA256-RSA",
                "subject": "CN=*.eks.eu-west-1.amazonaws.com",
                "version": 3
              }
            ],
            "content": null,
            "id": "13102e0a8585014b9cde9ab0c4895b6972be2a09",
            "url": "https://oidc.eks.eu-west-1.amazonaws.com/id/1F9DE80DAEF3A5AF59D0645FCDE7F465",
            "verify_chain": true
          },
          "sensitive_attributes": [],
          "identity_schema_version": 0
        }
      ]
    },
    {
      "module": "module.eks_cluster",
      "mode": "managed",
      "type": "aws_eks_addon",
      "name": "coredns",
      "provider": "provider[\"registry.terraform.io/hashicorp/aws\"]",
      "instances": [
        {
          "schema_version": 0,
          "attributes": {
            "addon_name": "coredns",
            "addon_version": "v1.11.4-eksbuild.33",
            "arn": "arn:aws:eks:eu-west-1:083127296598:addon/nonprod-eks-cluster/coredns/38cf2a02-5f86-54a0-b2b9-c8d36761bd71",
            "cluster_name": "nonprod-eks-cluster",
            "configuration_values": "",
            "created_at": "2026-05-23T08:47:37Z",
            "id": "nonprod-eks-cluster:coredns",
            "modified_at": "2026-05-23T10:38:00Z",
            "pod_identity_association": [],
            "preserve": null,
            "resolve_conflicts": null,
            "resolve_conflicts_on_create": null,
            "resolve_conflicts_on_update": null,
            "service_account_role_arn": "",
            "tags": {},
            "tags_all": {},
            "timeouts": null
          },
          "sensitive_attributes": [],
          "identity_schema_version": 0,
          "private": "eyJlMmJmYjczMC1lY2FhLTExZTYtOGY4OC0zNDM2M2JjN2M0YzAiOnsiY3JlYXRlIjoxMjAwMDAwMDAwMDAwLCJkZWxldGUiOjI0MDAwMDAwMDAwMDAsInVwZGF0ZSI6MTIwMDAwMDAwMDAwMH19",
          "dependencies": [
            "module.eks_cluster.aws_eks_cluster.main",
            "module.eks_cluster.aws_eks_node_group.main",
            "module.eks_cluster.aws_iam_role.cluster",
            "module.eks_cluster.aws_iam_role.nodes",
            "module.eks_cluster.aws_iam_role_policy_attachment.cluster_policy",
            "module.eks_cluster.aws_iam_role_policy_attachment.cni",
            "module.eks_cluster.aws_iam_role_policy_attachment.registry",
            "module.eks_cluster.aws_iam_role_policy_attachment.worker_node",
            "module.network.aws_subnet.private",
            "module.network.aws_vpc.main",
            "module.network.data.aws_availability_zones.available"
          ]
        }
      ]
    },
    {
      "module": "module.eks_cluster",
      "mode": "managed",
      "type": "aws_eks_addon",
      "name": "ebs_csi",
      "provider": "provider[\"registry.terraform.io/hashicorp/aws\"]",
      "instances": [
        {
          "schema_version": 0,
          "attributes": {
            "addon_name": "aws-ebs-csi-driver",
            "addon_version": "v1.60.0-eksbuild.1",
            "arn": "arn:aws:eks:eu-west-1:083127296598:addon/nonprod-eks-cluster/aws-ebs-csi-driver/32cf2a02-5f87-48ae-e561-6b0d7c010710",
            "cluster_name": "nonprod-eks-cluster",
            "configuration_values": "",
            "created_at": "2026-05-23T08:47:37Z",
            "id": "nonprod-eks-cluster:aws-ebs-csi-driver",
            "modified_at": "2026-05-23T10:38:02Z",
            "pod_identity_association": [],
            "preserve": null,
            "resolve_conflicts": null,
            "resolve_conflicts_on_create": null,
            "resolve_conflicts_on_update": null,
            "service_account_role_arn": "arn:aws:iam::083127296598:role/nonprod-eks-ebs-csi-role",
            "tags": {},
            "tags_all": {},
            "timeouts": null
          },
          "sensitive_attributes": [],
          "identity_schema_version": 0,
          "private": "eyJlMmJmYjczMC1lY2FhLTExZTYtOGY4OC0zNDM2M2JjN2M0YzAiOnsiY3JlYXRlIjoxMjAwMDAwMDAwMDAwLCJkZWxldGUiOjI0MDAwMDAwMDAwMDAsInVwZGF0ZSI6MTIwMDAwMDAwMDAwMH19",
          "dependencies": [
            "module.eks_cluster.aws_eks_cluster.main",
            "module.eks_cluster.aws_eks_node_group.main",
            "module.eks_cluster.aws_iam_openid_connect_provider.oidc",
            "module.eks_cluster.aws_iam_role.cluster",
            "module.eks_cluster.aws_iam_role.ebs_csi",
            "module.eks_cluster.aws_iam_role.nodes",
            "module.eks_cluster.aws_iam_role_policy_attachment.cluster_policy",
            "module.eks_cluster.aws_iam_role_policy_attachment.cni",
            "module.eks_cluster.aws_iam_role_policy_attachment.registry",
            "module.eks_cluster.aws_iam_role_policy_attachment.worker_node",
            "module.eks_cluster.data.aws_iam_policy_document.ebs_csi_assume",
            "module.eks_cluster.data.tls_certificate.eks",
            "module.network.aws_subnet.private",
            "module.network.aws_vpc.main",
            "module.network.data.aws_availability_zones.available"
          ]
        }
      ]
    },
    {
      "module": "module.eks_cluster",
      "mode": "managed",
      "type": "aws_eks_addon",
      "name": "kube_proxy",
      "provider": "provider[\"registry.terraform.io/hashicorp/aws\"]",
      "instances": [
        {
          "schema_version": 0,
          "attributes": {
            "addon_name": "kube-proxy",
            "addon_version": "v1.32.13-eksbuild.5",
            "arn": "arn:aws:eks:eu-west-1:083127296598:addon/nonprod-eks-cluster/kube-proxy/dacf2a01-6723-bed7-d108-e7e42272adf8",
            "cluster_name": "nonprod-eks-cluster",
            "configuration_values": "",
            "created_at": "2026-05-23T08:45:30Z",
            "id": "nonprod-eks-cluster:kube-proxy",
            "modified_at": "2026-05-23T08:45:47Z",
            "pod_identity_association": [],
            "preserve": null,
            "resolve_conflicts": null,
            "resolve_conflicts_on_create": null,
            "resolve_conflicts_on_update": null,
            "service_account_role_arn": "",
            "tags": {},
            "tags_all": {},
            "timeouts": null
          },
          "sensitive_attributes": [],
          "identity_schema_version": 0,
          "private": "eyJlMmJmYjczMC1lY2FhLTExZTYtOGY4OC0zNDM2M2JjN2M0YzAiOnsiY3JlYXRlIjoxMjAwMDAwMDAwMDAwLCJkZWxldGUiOjI0MDAwMDAwMDAwMDAsInVwZGF0ZSI6MTIwMDAwMDAwMDAwMH19",
          "dependencies": [
            "module.eks_cluster.aws_eks_cluster.main",
            "module.eks_cluster.aws_iam_role.cluster",
            "module.eks_cluster.aws_iam_role_policy_attachment.cluster_policy",
            "module.network.aws_subnet.private",
            "module.network.aws_vpc.main",
            "module.network.data.aws_availability_zones.available"
          ]
        }
      ]
    },
    {
      "module": "module.eks_cluster",
      "mode": "managed",
      "type": "aws_eks_addon",
      "name": "vpc_cni",
      "provider": "provider[\"registry.terraform.io/hashicorp/aws\"]",
      "instances": [
        {
          "schema_version": 0,
          "attributes": {
            "addon_name": "vpc-cni",
            "addon_version": "v1.20.5-eksbuild.1",
            "arn": "arn:aws:eks:eu-west-1:083127296598:addon/nonprod-eks-cluster/vpc-cni/c8cf2a01-6723-4b1d-308d-788556654dbe",
            "cluster_name": "nonprod-eks-cluster",
            "configuration_values": "",
            "created_at": "2026-05-23T08:45:30Z",
            "id": "nonprod-eks-cluster:vpc-cni",
            "modified_at": "2026-05-23T08:45:48Z",
            "pod_identity_association": [],
            "preserve": null,
            "resolve_conflicts": null,
            "resolve_conflicts_on_create": null,
            "resolve_conflicts_on_update": null,
            "service_account_role_arn": "",
            "tags": {},
            "tags_all": {},
            "timeouts": null
          },
          "sensitive_attributes": [],
          "identity_schema_version": 0,
          "private": "eyJlMmJmYjczMC1lY2FhLTExZTYtOGY4OC0zNDM2M2JjN2M0YzAiOnsiY3JlYXRlIjoxMjAwMDAwMDAwMDAwLCJkZWxldGUiOjI0MDAwMDAwMDAwMDAsInVwZGF0ZSI6MTIwMDAwMDAwMDAwMH19",
          "dependencies": [
            "module.eks_cluster.aws_eks_cluster.main",
            "module.eks_cluster.aws_iam_role.cluster",
            "module.eks_cluster.aws_iam_role_policy_attachment.cluster_policy",
            "module.network.aws_subnet.private",
            "module.network.aws_vpc.main",
            "module.network.data.aws_availability_zones.available"
          ]
        }
      ]
    },
    {
      "module": "module.eks_cluster",
      "mode": "managed",
      "type": "aws_eks_cluster",
      "name": "main",
      "provider": "provider[\"registry.terraform.io/hashicorp/aws\"]",
      "instances": [
        {
          "schema_version": 1,
          "attributes": {
            "access_config": [
              {
                "authentication_mode": "CONFIG_MAP",
                "bootstrap_cluster_creator_admin_permissions": true
              }
            ],
            "arn": "arn:aws:eks:eu-west-1:083127296598:cluster/nonprod-eks-cluster",
            "bootstrap_self_managed_addons": true,
            "certificate_authority": [
              {
                "data": "LS0tLS1CRUdJTiBDRVJUSUZJQ0FURS0tLS0tCk1JSURCVENDQWUyZ0F3SUJBZ0lJTERESHEzSXo5VHd3RFFZSktvWklodmNOQVFFTEJRQXdGVEVUTUJFR0ExVUUKQXhNS2EzVmlaWEp1WlhSbGN6QWVGdzB5TmpBMU1qTXdPRE0xTlRGYUZ3MHpOakExTWpBd09EUXdOVEZhTUJVeApFekFSQmdOVkJBTVRDbXQxWW1WeWJtVjBaWE13Z2dFaU1BMEdDU3FHU0liM0RRRUJBUVVBQTRJQkR3QXdnZ0VLCkFvSUJBUURGMGN6TTJZeFd0VlRXV01GZGpPbElXWTA4azEzcFB5SDlWY2ZyNkVERkptTnVyRVhzUE55RHNhQm8KaWhIa0xMalMwd2ZsbWw2T2FJemxkUndwTGlqayt2WUtaUWx2aWJuTHJxOUp2bzVZbnZaQWcxenM2MlkwZEJVOApLQS9aM0l0MkZ5UmVydVA4WVdQUDFyWU8xL1FsN0JEUXRVTzNudExZQWNaSk0zUlhybUloL0d0U1hTL3VkdWxlCjhIbWJOYzk2aG1ObHB6VWtjV2RCdEQxT3F5TStJZHo4NmNEU1NNajg4WjZ0d0UrcE84ZG5weXpWczFxQkdSREsKN0xYU3VjVHhOaFArcnhKSVROK01uclovSVo0N3Boc0NxQzQvTWJwcEZRS1E1UUVsQ0JjajhaRUN5cm9zTzlkeQpnTXJhcmUwY2FTMm05UHhSNmtGNVM5MVFSMDlqQWdNQkFBR2pXVEJYTUE0R0ExVWREd0VCL3dRRUF3SUNwREFQCkJnTlZIUk1CQWY4RUJUQURBUUgvTUIwR0ExVWREZ1FXQkJUZC9wNEJDQ0FhNnJYUlAyYUxqRU50dUFsV1N6QVYKQmdOVkhSRUVEakFNZ2dwcmRXSmxjbTVsZEdWek1BMEdDU3FHU0liM0RRRUJDd1VBQTRJQkFRQ0FtVHBWSjZGUQpNaUVuTGRIL1dJeHZ2Z01RNHdmblNlMzFVQ0VuU3VnaG10eDhZSG1tdDNReXkybDhRaUlXRmdkWFdGb0dYRmdUCi8rKy9DcjNCMWVuSFZ4czhub3UybkxBKzRyRGN2MWZDdWFtWVlZZWNEbmc5TlZjKzAxbitMTVZIVG5NT1ZUQ0UKVENiTUlzT3l4UWp4K1VVREtBMk9oUExLYlFmaVJPR1JEMG1UbkpjLzdhcDFxVU52TXJZV2M4bWE4ZzZMY1pSYwpiSDZKV3F1N1RuRVA1K09GeERXRkVoRFhBSXZlMnBUS0tmVW1rakp1K2tqa2pwZHB6cEJPRHF3dHR2UGJQYldDCkhIK0xyR2kzbzl6RExXd1k2a3BGSTNCemo3RytWVDZacDJuK3hVMDlUTTNaYXlLL2Voejd0MjdURDVKazJwVlUKa3pDLzF6ZnFrMjhhCi0tLS0tRU5EIENFUlRJRklDQVRFLS0tLS0K"
              }
            ],
            "cluster_id": null,
            "compute_config": [],
            "created_at": "2026-05-23T08:37:09Z",
            "enabled_cluster_log_types": [],
            "encryption_config": [],
            "endpoint": "https://1F9DE80DAEF3A5AF59D0645FCDE7F465.gr7.eu-west-1.eks.amazonaws.com",
            "force_update_version": null,
            "id": "nonprod-eks-cluster",
            "identity": [
              {
                "oidc": [
                  {
                    "issuer": "https://oidc.eks.eu-west-1.amazonaws.com/id/1F9DE80DAEF3A5AF59D0645FCDE7F465"
                  }
                ]
              }
            ],
            "kubernetes_network_config": [
              {
                "elastic_load_balancing": [
                  {
                    "enabled": false
                  }
                ],
                "ip_family": "ipv4",
                "service_ipv4_cidr": "172.20.0.0/16",
                "service_ipv6_cidr": ""
              }
            ],
            "name": "nonprod-eks-cluster",
            "outpost_config": [],
            "platform_version": "eks.44",
            "remote_network_config": [],
            "role_arn": "arn:aws:iam::083127296598:role/nonprod-eks-cluster-role",
            "status": "ACTIVE",
            "storage_config": [],
            "tags": {
              "Environment": "nonprod",
              "Name": "nonprod-eks-cluster",
              "Project": "RHZORION"
            },
            "tags_all": {
              "Environment": "nonprod",
              "Name": "nonprod-eks-cluster",
              "Project": "RHZORION"
            },
            "timeouts": null,
            "upgrade_policy": [
              {
                "support_type": "EXTENDED"
              }
            ],
            "version": "1.32",
            "vpc_config": [
              {
                "cluster_security_group_id": "sg-0db1d6331df7c595c",
                "endpoint_private_access": true,
                "endpoint_public_access": true,
                "public_access_cidrs": [
                  "0.0.0.0/0"
                ],
                "security_group_ids": [],
                "subnet_ids": [
                  "subnet-07475166014f363cb",
                  "subnet-0b2fa619123353c12"
                ],
                "vpc_id": "vpc-0985d9d6a5d41a4e0"
              }
            ],
            "zonal_shift_config": []
          },
          "sensitive_attributes": [],
          "identity_schema_version": 0,
          "private": "eyJlMmJmYjczMC1lY2FhLTExZTYtOGY4OC0zNDM2M2JjN2M0YzAiOnsiY3JlYXRlIjoxODAwMDAwMDAwMDAwLCJkZWxldGUiOjkwMDAwMDAwMDAwMCwidXBkYXRlIjozNjAwMDAwMDAwMDAwfSwic2NoZW1hX3ZlcnNpb24iOiIxIn0=",
          "dependencies": [
            "module.eks_cluster.aws_iam_role.cluster",
            "module.eks_cluster.aws_iam_role_policy_attachment.cluster_policy",
            "module.network.aws_subnet.private",
            "module.network.aws_vpc.main",
            "module.network.data.aws_availability_zones.available"
          ]
        }
      ]
    },
    {
      "module": "module.eks_cluster",
      "mode": "managed",
      "type": "aws_iam_openid_connect_provider",
      "name": "oidc",
      "provider": "provider[\"registry.terraform.io/hashicorp/aws\"]",
      "instances": [
        {
          "schema_version": 0,
          "attributes": {
            "arn": "arn:aws:iam::083127296598:oidc-provider/oidc.eks.eu-west-1.amazonaws.com/id/1F9DE80DAEF3A5AF59D0645FCDE7F465",
            "client_id_list": [
              "sts.amazonaws.com"
            ],
            "id": "arn:aws:iam::083127296598:oidc-provider/oidc.eks.eu-west-1.amazonaws.com/id/1F9DE80DAEF3A5AF59D0645FCDE7F465",
            "tags": {},
            "tags_all": {},
            "thumbprint_list": [
              "06b25927c42a721631c1efd9431e648fa62e1e39"
            ],
            "url": "oidc.eks.eu-west-1.amazonaws.com/id/1F9DE80DAEF3A5AF59D0645FCDE7F465"
          },
          "sensitive_attributes": [],
          "identity_schema_version": 0,
          "private": "bnVsbA==",
          "dependencies": [
            "module.eks_cluster.aws_eks_cluster.main",
            "module.eks_cluster.aws_iam_role.cluster",
            "module.eks_cluster.aws_iam_role_policy_attachment.cluster_policy",
            "module.eks_cluster.data.tls_certificate.eks",
            "module.network.aws_subnet.private",
            "module.network.aws_vpc.main",
            "module.network.data.aws_availability_zones.available"
          ]
        }
      ]
    },
    {
      "module": "module.eks_cluster",
      "mode": "managed",
      "type": "aws_iam_role",
      "name": "cluster",
      "provider": "provider[\"registry.terraform.io/hashicorp/aws\"]",
      "instances": [
        {
          "schema_version": 0,
          "attributes": {
            "arn": "arn:aws:iam::083127296598:role/nonprod-eks-cluster-role",
            "assume_role_policy": "{\"Statement\":[{\"Action\":\"sts:AssumeRole\",\"Effect\":\"Allow\",\"Principal\":{\"Service\":\"eks.amazonaws.com\"}}],\"Version\":\"2012-10-17\"}",
            "create_date": "2026-05-23T08:36:51Z",
            "description": "",
            "force_detach_policies": false,
            "id": "nonprod-eks-cluster-role",
            "inline_policy": [],
            "managed_policy_arns": [
              "arn:aws:iam::aws:policy/AmazonEKSClusterPolicy"
            ],
            "max_session_duration": 3600,
            "name": "nonprod-eks-cluster-role",
            "name_prefix": "",
            "path": "/",
            "permissions_boundary": "",
            "tags": {},
            "tags_all": {},
            "unique_id": "AROARGWWF4JLHN2FK7L26"
          },
          "sensitive_attributes": [],
          "identity_schema_version": 0,
          "private": "bnVsbA=="
        }
      ]
    },
    {
      "module": "module.eks_cluster",
      "mode": "managed",
      "type": "aws_iam_role",
      "name": "ebs_csi",
      "provider": "provider[\"registry.terraform.io/hashicorp/aws\"]",
      "instances": [
        {
          "schema_version": 0,
          "attributes": {
            "arn": "arn:aws:iam::083127296598:role/nonprod-eks-ebs-csi-role",
            "assume_role_policy": "{\"Statement\":[{\"Action\":\"sts:AssumeRoleWithWebIdentity\",\"Condition\":{\"StringEquals\":{\"oidc.eks.eu-west-1.amazonaws.com/id/1F9DE80DAEF3A5AF59D0645FCDE7F465:sub\":\"system:serviceaccount:kube-system:ebs-csi-controller-sa\"}},\"Effect\":\"Allow\",\"Principal\":{\"Federated\":\"arn:aws:iam::083127296598:oidc-provider/oidc.eks.eu-west-1.amazonaws.com/id/1F9DE80DAEF3A5AF59D0645FCDE7F465\"}}],\"Version\":\"2012-10-17\"}",
            "create_date": "2026-05-23T08:45:31Z",
            "description": "",
            "force_detach_policies": false,
            "id": "nonprod-eks-ebs-csi-role",
            "inline_policy": [],
            "managed_policy_arns": [
              "arn:aws:iam::aws:policy/service-role/AmazonEBSCSIDriverPolicy"
            ],
            "max_session_duration": 3600,
            "name": "nonprod-eks-ebs-csi-role",
            "name_prefix": "",
            "path": "/",
            "permissions_boundary": "",
            "tags": {},
            "tags_all": {},
            "unique_id": "AROARGWWF4JLNUA5ET5OR"
          },
          "sensitive_attributes": [],
          "identity_schema_version": 0,
          "private": "bnVsbA==",
          "dependencies": [
            "module.eks_cluster.aws_eks_cluster.main",
            "module.eks_cluster.aws_iam_openid_connect_provider.oidc",
            "module.eks_cluster.aws_iam_role.cluster",
            "module.eks_cluster.aws_iam_role_policy_attachment.cluster_policy",
            "module.eks_cluster.data.aws_iam_policy_document.ebs_csi_assume",
            "module.eks_cluster.data.tls_certificate.eks",
            "module.network.aws_subnet.private",
            "module.network.aws_vpc.main",
            "module.network.data.aws_availability_zones.available"
          ]
        }
      ]
    },
    {
      "module": "module.eks_cluster",
      "mode": "managed",
      "type": "aws_iam_role",
      "name": "nodes",
      "provider": "provider[\"registry.terraform.io/hashicorp/aws\"]",
      "instances": [
        {
          "schema_version": 0,
          "attributes": {
            "arn": "arn:aws:iam::083127296598:role/nonprod-eks-node-role",
            "assume_role_policy": "{\"Statement\":[{\"Action\":\"sts:AssumeRole\",\"Effect\":\"Allow\",\"Principal\":{\"Service\":\"ec2.amazonaws.com\"}}],\"Version\":\"2012-10-17\"}",
            "create_date": "2026-05-23T08:36:51Z",
            "description": "",
            "force_detach_policies": false,
            "id": "nonprod-eks-node-role",
            "inline_policy": [],
            "managed_policy_arns": [
              "arn:aws:iam::aws:policy/AmazonEC2ContainerRegistryReadOnly",
              "arn:aws:iam::aws:policy/AmazonEKSWorkerNodePolicy",
              "arn:aws:iam::aws:policy/AmazonEKS_CNI_Policy"
            ],
            "max_session_duration": 3600,
            "name": "nonprod-eks-node-role",
            "name_prefix": "",
            "path": "/",
            "permissions_boundary": "",
            "tags": {},
            "tags_all": {},
            "unique_id": "AROARGWWF4JLJZKA53GHE"
          },
          "sensitive_attributes": [],
          "identity_schema_version": 0,
          "private": "bnVsbA=="
        }
      ]
    },
    {
      "module": "module.eks_cluster",
      "mode": "managed",
      "type": "aws_iam_role_policy_attachment",
      "name": "cluster_policy",
      "provider": "provider[\"registry.terraform.io/hashicorp/aws\"]",
      "instances": [
        {
          "schema_version": 0,
          "attributes": {
            "id": "nonprod-eks-cluster-role-20260523083652402200000003",
            "policy_arn": "arn:aws:iam::aws:policy/AmazonEKSClusterPolicy",
            "role": "nonprod-eks-cluster-role"
          },
          "sensitive_attributes": [],
          "identity_schema_version": 0,
          "private": "bnVsbA==",
          "dependencies": [
            "module.eks_cluster.aws_iam_role.cluster"
          ]
        }
      ]
    },
    {
      "module": "module.eks_cluster",
      "mode": "managed",
      "type": "aws_iam_role_policy_attachment",
      "name": "cni",
      "provider": "provider[\"registry.terraform.io/hashicorp/aws\"]",
      "instances": [
        {
          "schema_version": 0,
          "attributes": {
            "id": "nonprod-eks-node-role-20260523083652511600000005",
            "policy_arn": "arn:aws:iam::aws:policy/AmazonEKS_CNI_Policy",
            "role": "nonprod-eks-node-role"
          },
          "sensitive_attributes": [],
          "identity_schema_version": 0,
          "private": "bnVsbA==",
          "dependencies": [
            "module.eks_cluster.aws_iam_role.nodes"
          ]
        }
      ]
    },
    {
      "module": "module.eks_cluster",
      "mode": "managed",
      "type": "aws_iam_role_policy_attachment",
      "name": "ebs_csi",
      "provider": "provider[\"registry.terraform.io/hashicorp/aws\"]",
      "instances": [
        {
          "schema_version": 0,
          "attributes": {
            "id": "nonprod-eks-ebs-csi-role-20260523084531961300000014",
            "policy_arn": "arn:aws:iam::aws:policy/service-role/AmazonEBSCSIDriverPolicy",
            "role": "nonprod-eks-ebs-csi-role"
          },
          "sensitive_attributes": [],
          "identity_schema_version": 0,
          "private": "bnVsbA==",
          "dependencies": [
            "module.eks_cluster.aws_eks_cluster.main",
            "module.eks_cluster.aws_iam_openid_connect_provider.oidc",
            "module.eks_cluster.aws_iam_role.cluster",
            "module.eks_cluster.aws_iam_role.ebs_csi",
            "module.eks_cluster.aws_iam_role_policy_attachment.cluster_policy",
            "module.eks_cluster.data.aws_iam_policy_document.ebs_csi_assume",
            "module.eks_cluster.data.tls_certificate.eks",
            "module.network.aws_subnet.private",
            "module.network.aws_vpc.main",
            "module.network.data.aws_availability_zones.available"
          ]
        }
      ]
    },
    {
      "module": "module.eks_cluster",
      "mode": "managed",
      "type": "aws_iam_role_policy_attachment",
      "name": "registry",
      "provider": "provider[\"registry.terraform.io/hashicorp/aws\"]",
      "instances": [
        {
          "schema_version": 0,
          "attributes": {
            "id": "nonprod-eks-node-role-20260523083652559700000006",
            "policy_arn": "arn:aws:iam::aws:policy/AmazonEC2ContainerRegistryReadOnly",
            "role": "nonprod-eks-node-role"
          },
          "sensitive_attributes": [],
          "identity_schema_version": 0,
          "private": "bnVsbA==",
          "dependencies": [
            "module.eks_cluster.aws_iam_role.nodes"
          ]
        }
      ]
    },
    {
      "module": "module.eks_cluster",
      "mode": "managed",
      "type": "aws_iam_role_policy_attachment",
      "name": "worker_node",
      "provider": "provider[\"registry.terraform.io/hashicorp/aws\"]",
      "instances": [
        {
          "schema_version": 0,
          "attributes": {
            "id": "nonprod-eks-node-role-20260523083652452100000004",
            "policy_arn": "arn:aws:iam::aws:policy/AmazonEKSWorkerNodePolicy",
            "role": "nonprod-eks-node-role"
          },
          "sensitive_attributes": [],
          "identity_schema_version": 0,
          "private": "bnVsbA==",
          "dependencies": [
            "module.eks_cluster.aws_iam_role.nodes"
          ]
        }
      ]
    },
    {
      "module": "module.network",
      "mode": "data",
      "type": "aws_availability_zones",
      "name": "available",
      "provider": "provider[\"registry.terraform.io/hashicorp/aws\"]",
      "instances": [
        {
          "schema_version": 0,
          "attributes": {
            "all_availability_zones": null,
            "exclude_names": null,
            "exclude_zone_ids": null,
            "filter": null,
            "group_names": [
              "eu-west-1-zg-1"
            ],
            "id": "eu-west-1",
            "names": [
              "eu-west-1a",
              "eu-west-1b",
              "eu-west-1c"
            ],
            "state": "available",
            "timeouts": null,
            "zone_ids": [
              "euw1-az2",
              "euw1-az3",
              "euw1-az1"
            ]
          },
          "sensitive_attributes": [],
          "identity_schema_version": 0
        }
      ]
    },
    {
      "module": "module.network",
      "mode": "managed",
      "type": "aws_subnet",
      "name": "private",
      "provider": "provider[\"registry.terraform.io/hashicorp/aws\"]",
      "instances": [
        {
          "index_key": 0,
          "schema_version": 1,
          "attributes": {
            "arn": "arn:aws:ec2:eu-west-1:083127296598:subnet/subnet-0b2fa619123353c12",
            "assign_ipv6_address_on_creation": false,
            "availability_zone": "eu-west-1a",
            "availability_zone_id": "euw1-az2",
            "cidr_block": "10.10.10.0/24",
            "customer_owned_ipv4_pool": "",
            "enable_dns64": false,
            "enable_lni_at_device_index": 0,
            "enable_resource_name_dns_a_record_on_launch": false,
            "enable_resource_name_dns_aaaa_record_on_launch": false,
            "id": "subnet-0b2fa619123353c12",
            "ipv6_cidr_block": "",
            "ipv6_cidr_block_association_id": "",
            "ipv6_native": false,
            "map_customer_owned_ip_on_launch": false,
            "map_public_ip_on_launch": false,
            "outpost_arn": "",
            "owner_id": "083127296598",
            "private_dns_hostname_type_on_launch": "ip-name",
            "tags": {
              "Environment": "nonprod",
              "Name": "nonprod-private-subnet-1",
              "Project": "RHZORION",
              "Type": "private",
              "kubernetes.io/role/internal-elb": "1"
            },
            "tags_all": {
              "Environment": "nonprod",
              "Name": "nonprod-private-subnet-1",
              "Project": "RHZORION",
              "Type": "private",
              "kubernetes.io/role/internal-elb": "1"
            },
            "timeouts": null,
            "vpc_id": "vpc-0985d9d6a5d41a4e0"
          },
          "sensitive_attributes": [],
          "identity_schema_version": 0,
          "private": "eyJlMmJmYjczMC1lY2FhLTExZTYtOGY4OC0zNDM2M2JjN2M0YzAiOnsiY3JlYXRlIjo2MDAwMDAwMDAwMDAsImRlbGV0ZSI6MTIwMDAwMDAwMDAwMH0sInNjaGVtYV92ZXJzaW9uIjoiMSJ9",
          "dependencies": [
            "module.network.aws_vpc.main",
            "module.network.data.aws_availability_zones.available"
          ]
        },
        {
          "index_key": 1,
          "schema_version": 1,
          "attributes": {
            "arn": "arn:aws:ec2:eu-west-1:083127296598:subnet/subnet-07475166014f363cb",
            "assign_ipv6_address_on_creation": false,
            "availability_zone": "eu-west-1b",
            "availability_zone_id": "euw1-az3",
            "cidr_block": "10.10.11.0/24",
            "customer_owned_ipv4_pool": "",
            "enable_dns64": false,
            "enable_lni_at_device_index": 0,
            "enable_resource_name_dns_a_record_on_launch": false,
            "enable_resource_name_dns_aaaa_record_on_launch": false,
            "id": "subnet-07475166014f363cb",
            "ipv6_cidr_block": "",
            "ipv6_cidr_block_association_id": "",
            "ipv6_native": false,
            "map_customer_owned_ip_on_launch": false,
            "map_public_ip_on_launch": false,
            "outpost_arn": "",
            "owner_id": "083127296598",
            "private_dns_hostname_type_on_launch": "ip-name",
            "tags": {
              "Environment": "nonprod",
              "Name": "nonprod-private-subnet-2",
              "Project": "RHZORION",
              "Type": "private",
              "kubernetes.io/role/internal-elb": "1"
            },
            "tags_all": {
              "Environment": "nonprod",
              "Name": "nonprod-private-subnet-2",
              "Project": "RHZORION",
              "Type": "private",
              "kubernetes.io/role/internal-elb": "1"
            },
            "timeouts": null,
            "vpc_id": "vpc-0985d9d6a5d41a4e0"
          },
          "sensitive_attributes": [],
          "identity_schema_version": 0,
          "private": "eyJlMmJmYjczMC1lY2FhLTExZTYtOGY4OC0zNDM2M2JjN2M0YzAiOnsiY3JlYXRlIjo2MDAwMDAwMDAwMDAsImRlbGV0ZSI6MTIwMDAwMDAwMDAwMH0sInNjaGVtYV92ZXJzaW9uIjoiMSJ9",
          "dependencies": [
            "module.network.aws_vpc.main",
            "module.network.data.aws_availability_zones.available"
          ]
        }
      ]
    },
    {
      "module": "module.network",
      "mode": "managed",
      "type": "aws_vpc",
      "name": "main",
      "provider": "provider[\"registry.terraform.io/hashicorp/aws\"]",
      "instances": [
        {
          "schema_version": 1,
          "attributes": {
            "arn": "arn:aws:ec2:eu-west-1:083127296598:vpc/vpc-0985d9d6a5d41a4e0",
            "assign_generated_ipv6_cidr_block": false,
            "cidr_block": "10.10.0.0/16",
            "default_network_acl_id": "acl-0aa167a7cb03a5845",
            "default_route_table_id": "rtb-041010b2c99526526",
            "default_security_group_id": "sg-076089ede6ef6df70",
            "dhcp_options_id": "dopt-0ab9a245f3e596a60",
            "enable_dns_hostnames": true,
            "enable_dns_support": true,
            "enable_network_address_usage_metrics": false,
            "id": "vpc-0985d9d6a5d41a4e0",
            "instance_tenancy": "default",
            "ipv4_ipam_pool_id": null,
            "ipv4_netmask_length": null,
            "ipv6_association_id": "",
            "ipv6_cidr_block": "",
            "ipv6_cidr_block_network_border_group": "",
            "ipv6_ipam_pool_id": "",
            "ipv6_netmask_length": 0,
            "main_route_table_id": "rtb-041010b2c99526526",
            "owner_id": "083127296598",
            "tags": {
              "Environment": "nonprod",
              "Name": "nonprod-vpc",
              "Project": "RHZORION"
            },
            "tags_all": {
              "Environment": "nonprod",
              "Name": "nonprod-vpc",
              "Project": "RHZORION"
            }
          },
          "sensitive_attributes": [],
          "identity_schema_version": 0,
          "private": "eyJzY2hlbWFfdmVyc2lvbiI6IjEifQ=="
        }
      ]
    },
    {
      "module": "module.observability",
      "mode": "managed",
      "type": "kubernetes_namespace_v1",
      "name": "monitoring",
      "provider": "provider[\"registry.terraform.io/hashicorp/kubernetes\"]",
      "instances": [
        {
          "schema_version": 0,
          "attributes": {
            "id": "monitoring",
            "metadata": [
              {
                "annotations": {},
                "generate_name": "",
                "generation": 0,
                "labels": {},
                "name": "monitoring",
                "resource_version": "1954",
                "uid": "e10a28d6-dd2c-4118-af1b-a1a7a87c67d4"
              }
            ],
            "timeouts": null,
            "wait_for_default_service_account": false
          },
          "sensitive_attributes": [],
          "identity_schema_version": 1,
          "identity": {
            "api_version": "v1",
            "kind": "Namespace",
            "name": "monitoring"
          },
          "private": "eyJlMmJmYjczMC1lY2FhLTExZTYtOGY4OC0zNDM2M2JjN2M0YzAiOnsiZGVsZXRlIjozMDAwMDAwMDAwMDB9fQ==",
          "dependencies": [
            "module.aws_load_balancer_controller.aws_iam_policy.policy",
            "module.aws_load_balancer_controller.aws_iam_role.role",
            "module.aws_load_balancer_controller.aws_iam_role_policy_attachment.attachment",
            "module.aws_load_balancer_controller.data.aws_iam_policy_document.assume_role_policy",
            "module.aws_load_balancer_controller.helm_release.aws_load_balancer_controller",
            "module.aws_load_balancer_controller.kubernetes_service_account_v1.service_account",
            "module.eks_cluster.aws_eks_addon.coredns",
            "module.eks_cluster.aws_eks_addon.ebs_csi",
            "module.eks_cluster.aws_eks_addon.kube_proxy",
            "module.eks_cluster.aws_eks_addon.vpc_cni",
            "module.eks_cluster.aws_eks_cluster.main",
            "module.eks_cluster.aws_eks_node_group.main",
            "module.eks_cluster.aws_iam_openid_connect_provider.oidc",
            "module.eks_cluster.aws_iam_role.cluster",
            "module.eks_cluster.aws_iam_role.ebs_csi",
            "module.eks_cluster.aws_iam_role.nodes",
            "module.eks_cluster.aws_iam_role_policy_attachment.cluster_policy",
            "module.eks_cluster.aws_iam_role_policy_attachment.cni",
            "module.eks_cluster.aws_iam_role_policy_attachment.ebs_csi",
            "module.eks_cluster.aws_iam_role_policy_attachment.registry",
            "module.eks_cluster.aws_iam_role_policy_attachment.worker_node",
            "module.eks_cluster.data.aws_iam_policy_document.ebs_csi_assume",
            "module.eks_cluster.data.tls_certificate.eks",
            "module.network.aws_subnet.private",
            "module.network.aws_vpc.main",
            "module.network.data.aws_availability_zones.available"
          ]
        }
      ]
    }
  ],
  "check_results": [
    {
      "object_kind": "var",
      "config_addr": "module.network.var.nat_strategy",
      "status": "unknown",
      "objects": null
    }
  ]
}
